
Microsoft Visual Studio Solution File, Format Version 12.00
# Visual Studio Version 17
VisualStudioVersion = 17.1.32210.238
MinimumVisualStudioVersion = 10.0.40219.1
Project("{9A19103F-16F7-4668-BE54-9A1E7A4F7556}") = "APIDataRetriever", "APIDataRetriever.csproj", "{DD3D7A7D-82B6-4AF3-A17A-1F01983896E0}"
EndProject
Project("{9A19103F-16F7-4668-BE54-9A1E7A4F7556}") = "SimpleLogger", "..\SimpleLogger\SimpleLogger.csproj", "{7C574B3C-3591-4E0F-83C5-81C21C7316A3}"
EndProject
Global
	GlobalSection(SolutionConfigurationPlatforms) = preSolution
		Debug|Any CPU = Debug|Any CPU
		Release|Any CPU = Release|Any CPU
	EndGlobalSection
	GlobalSection(ProjectConfigurationPlatforms) = postSolution
		{DD3D7A7D-82B6-4AF3-A17A-1F01983896E0}.Debug|Any CPU.ActiveCfg = Debug|Any CPU
		{DD3D7A7D-82B6-4AF3-A17A-1F01983896E0}.Debug|Any CPU.Build.0 = Debug|Any CPU
		{DD3D7A7D-82B6-4AF3-A17A-1F01983896E0}.Release|Any CPU.ActiveCfg = Release|Any CPU
		{DD3D7A7D-82B6-4AF3-A17A-1F01983896E0}.Release|Any CPU.Build.0 = Release|Any CPU
		{7C574B3C-3591-4E0F-83C5-81C21C7316A3}.Debug|Any CPU.ActiveCfg = Debug|Any CPU
		{7C574B3C-3591-4E0F-83C5-81C21C7316A3}.Debug|Any CPU.Build.0 = Debug|Any CPU
		{7C574B3C-3591-4E0F-83C5-81C21C7316A3}.Release|Any CPU.ActiveCfg = Release|Any CPU
		{7C574B3C-3591-4E0F-83C5-81C21C7316A3}.Release|Any CPU.Build.0 = Release|Any CPU
	EndGlobalSection
	GlobalSection(SolutionProperties) = preSolution
		HideSolutionNode = FALSE
	EndGlobalSection
	GlobalSection(ExtensibilityGlobals) = postSolution
		SolutionGuid = {FB4526F6-243C-487B-A1BF-F22A3D614111}
	EndGlobalSection
EndGlobal
